
Microsoft Visual Studio Solution File, Format Version 12.00
# Visual Studio 15
Project("{FAE04EC0-301F-11D3-BF4B-00C04F79EFBC}") = "XAMARINCustomAction.Android", "XAMARINCustomAction.Android\XAMARINCustomAction.Android.csproj", "{380C6C20-A87F-41D0-849E-4D7A32BFFEC5}"
EndProject
Project("{FAE04EC0-301F-11D3-BF4B-00C04F79EFBC}") = "XAMARINCustomAction.iOS", "XAMARINCustomAction.iOS\XAMARINCustomAction.iOS.csproj", "{4F6DEB6F-CBE0-467D-B834-06210B57FA32}"
EndProject
Project("{FAE04EC0-301F-11D3-BF4B-00C04F79EFBC}") = "XAMARINCustomAction", "XAMARINCustomAction\XAMARINCustomAction.csproj", "{07830904-00B6-4588-8493-D8A90C2DFD3E}"
EndProject
Global
	GlobalSection(SolutionConfigurationPlatforms) = preSolution
		Debug|Any CPU = Debug|Any CPU
		Release|Any CPU = Release|Any CPU
		Debug|iPhoneSimulator = Debug|iPhoneSimulator
		Release|iPhoneSimulator = Release|iPhoneSimulator
		Debug|iPhone = Debug|iPhone
		Release|iPhone = Release|iPhone
	EndGlobalSection
	GlobalSection(ProjectConfigurationPlatforms) = postSolution
		{380C6C20-A87F-41D0-849E-4D7A32BFFEC5}.Debug|Any CPU.ActiveCfg = Debug|Any CPU
		{380C6C20-A87F-41D0-849E-4D7A32BFFEC5}.Debug|Any CPU.Build.0 = Debug|Any CPU
		{380C6C20-A87F-41D0-849E-4D7A32BFFEC5}.Release|Any CPU.ActiveCfg = Release|Any CPU
		{380C6C20-A87F-41D0-849E-4D7A32BFFEC5}.Release|Any CPU.Build.0 = Release|Any CPU
		{380C6C20-A87F-41D0-849E-4D7A32BFFEC5}.Debug|iPhoneSimulator.ActiveCfg = Debug|Any CPU
		{380C6C20-A87F-41D0-849E-4D7A32BFFEC5}.Debug|iPhoneSimulator.Build.0 = Debug|Any CPU
		{380C6C20-A87F-41D0-849E-4D7A32BFFEC5}.Release|iPhoneSimulator.ActiveCfg = Release|Any CPU
		{380C6C20-A87F-41D0-849E-4D7A32BFFEC5}.Release|iPhoneSimulator.Build.0 = Release|Any CPU
		{380C6C20-A87F-41D0-849E-4D7A32BFFEC5}.Debug|iPhone.ActiveCfg = Debug|Any CPU
		{380C6C20-A87F-41D0-849E-4D7A32BFFEC5}.Debug|iPhone.Build.0 = Debug|Any CPU
		{380C6C20-A87F-41D0-849E-4D7A32BFFEC5}.Release|iPhone.ActiveCfg = Release|Any CPU
		{380C6C20-A87F-41D0-849E-4D7A32BFFEC5}.Release|iPhone.Build.0 = Release|Any CPU
		{4F6DEB6F-CBE0-467D-B834-06210B57FA32}.Debug|Any CPU.ActiveCfg = Debug|iPhoneSimulator
		{4F6DEB6F-CBE0-467D-B834-06210B57FA32}.Debug|Any CPU.Build.0 = Debug|iPhoneSimulator
		{4F6DEB6F-CBE0-467D-B834-06210B57FA32}.Release|Any CPU.ActiveCfg = Release|iPhoneSimulator
		{4F6DEB6F-CBE0-467D-B834-06210B57FA32}.Release|Any CPU.Build.0 = Release|iPhoneSimulator
		{4F6DEB6F-CBE0-467D-B834-06210B57FA32}.Debug|iPhoneSimulator.ActiveCfg = Debug|iPhoneSimulator
		{4F6DEB6F-CBE0-467D-B834-06210B57FA32}.Debug|iPhoneSimulator.Build.0 = Debug|iPhoneSimulator
		{4F6DEB6F-CBE0-467D-B834-06210B57FA32}.Release|iPhoneSimulator.ActiveCfg = Release|iPhoneSimulator
		{4F6DEB6F-CBE0-467D-B834-06210B57FA32}.Release|iPhoneSimulator.Build.0 = Release|iPhoneSimulator
		{4F6DEB6F-CBE0-467D-B834-06210B57FA32}.Debug|iPhone.ActiveCfg = Debug|iPhone
		{4F6DEB6F-CBE0-467D-B834-06210B57FA32}.Debug|iPhone.Build.0 = Debug|iPhone
		{4F6DEB6F-CBE0-467D-B834-06210B57FA32}.Release|iPhone.ActiveCfg = Release|iPhone
		{4F6DEB6F-CBE0-467D-B834-06210B57FA32}.Release|iPhone.Build.0 = Release|iPhone
		{07830904-00B6-4588-8493-D8A90C2DFD3E}.Debug|Any CPU.ActiveCfg = Debug|Any CPU
		{07830904-00B6-4588-8493-D8A90C2DFD3E}.Debug|Any CPU.Build.0 = Debug|Any CPU
		{07830904-00B6-4588-8493-D8A90C2DFD3E}.Release|Any CPU.ActiveCfg = Release|Any CPU
		{07830904-00B6-4588-8493-D8A90C2DFD3E}.Release|Any CPU.Build.0 = Release|Any CPU
		{07830904-00B6-4588-8493-D8A90C2DFD3E}.Debug|iPhoneSimulator.ActiveCfg = Debug|Any CPU
		{07830904-00B6-4588-8493-D8A90C2DFD3E}.Debug|iPhoneSimulator.Build.0 = Debug|Any CPU
		{07830904-00B6-4588-8493-D8A90C2DFD3E}.Release|iPhoneSimulator.ActiveCfg = Release|Any CPU
		{07830904-00B6-4588-8493-D8A90C2DFD3E}.Release|iPhoneSimulator.Build.0 = Release|Any CPU
		{07830904-00B6-4588-8493-D8A90C2DFD3E}.Debug|iPhone.ActiveCfg = Debug|Any CPU
		{07830904-00B6-4588-8493-D8A90C2DFD3E}.Debug|iPhone.Build.0 = Debug|Any CPU
		{07830904-00B6-4588-8493-D8A90C2DFD3E}.Release|iPhone.ActiveCfg = Release|Any CPU
		{07830904-00B6-4588-8493-D8A90C2DFD3E}.Release|iPhone.Build.0 = Release|Any CPU
	EndGlobalSection
EndGlobal
