// !$*UTF8*$!
{
	archiveVersion = 1;
	classes = {
	};
	objectVersion = 50;
	objects = {

/* Begin PBXBuildFile section */
		4BF7E964244CE4F70008565D /* AppDelegate.swift in Sources */ = {isa = PBXBuildFile; fileRef = 4BF7E963244CE4F70008565D /* AppDelegate.swift */; };
		4BF7E966244CE4F70008565D /* SceneDelegate.swift in Sources */ = {isa = PBXBuildFile; fileRef = 4BF7E965244CE4F70008565D /* SceneDelegate.swift */; };
		4BF7E968244CE4F70008565D /* ViewController.swift in Sources */ = {isa = PBXBuildFile; fileRef = 4BF7E967244CE4F70008565D /* ViewController.swift */; };
		4BF7E96B244CE4F70008565D /* Main.storyboard in Resources */ = {isa = PBXBuildFile; fileRef = 4BF7E969244CE4F70008565D /* Main.storyboard */; };
		4BF7E96D244CE4F90008565D /* Assets.xcassets in Resources */ = {isa = PBXBuildFile; fileRef = 4BF7E96C244CE4F90008565D /* Assets.xcassets */; };
		4BF7E970244CE4F90008565D /* LaunchScreen.storyboard in Resources */ = {isa = PBXBuildFile; fileRef = 4BF7E96E244CE4F90008565D /* LaunchScreen.storyboard */; };
/* End PBXBuildFile section */

/* Begin PBXFileReference section */
		4BF7E960244CE4F70008565D /* iOSCustomAction.app */ = {isa = PBXFileReference; explicitFileType = wrapper.application; includeInIndex = 0; path = iOSCustomAction.app; sourceTree = BUILT_PRODUCTS_DIR; };
		4BF7E963244CE4F70008565D /* AppDelegate.swift */ = {isa = PBXFileReference; lastKnownFileType = sourcecode.swift; path = AppDelegate.swift; sourceTree = "<group>"; };
		4BF7E965244CE4F70008565D /* SceneDelegate.swift */ = {isa = PBXFileReference; lastKnownFileType = sourcecode.swift; path = SceneDelegate.swift; sourceTree = "<group>"; };
		4BF7E967244CE4F70008565D /* ViewController.swift */ = {isa = PBXFileReference; lastKnownFileType = sourcecode.swift; path = ViewController.swift; sourceTree = "<group>"; };
		4BF7E96A244CE4F70008565D /* Base */ = {isa = PBXFileReference; lastKnownFileType = file.storyboard; name = Base; path = Base.lproj/Main.storyboard; sourceTree = "<group>"; };
		4BF7E96C244CE4F90008565D /* Assets.xcassets */ = {isa = PBXFileReference; lastKnownFileType = folder.assetcatalog; path = Assets.xcassets; sourceTree = "<group>"; };
		4BF7E96F244CE4F90008565D /* Base */ = {isa = PBXFileReference; lastKnownFileType = file.storyboard; name = Base; path = Base.lproj/LaunchScreen.storyboard; sourceTree = "<group>"; };
		4BF7E971244CE4F90008565D /* Info.plist */ = {isa = PBXFileReference; lastKnownFileType = text.plist.xml; path = Info.plist; sourceTree = "<group>"; };
/* End PBXFileReference section */

/* Begin PBXFrameworksBuildPhase section */
		4BF7E95D244CE4F70008565D /* Frameworks */ = {
			isa = PBXFrameworksBuildPhase;
			buildActionMask = 2147483647;
			files = (
			);
			runOnlyForDeploymentPostprocessing = 0;
		};
/* End PBXFrameworksBuildPhase section */

/* Begin PBXGroup section */
		4BF7E957244CE4F70008565D = {
			isa = PBXGroup;
			children = (
				4BF7E962244CE4F70008565D /* iOSCustomAction */,
				4BF7E961244CE4F70008565D /* Products */,
			);
			sourceTree = "<group>";
		};
		4BF7E961244CE4F70008565D /* Products */ = {
			isa = PBXGroup;
			children = (
				4BF7E960244CE4F70008565D /* iOSCustomAction.app */,
			);
			name = Products;
			sourceTree = "<group>";
		};
		4BF7E962244CE4F70008565D /* iOSCustomAction */ = {
			isa = PBXGroup;
			children = (
				4BF7E963244CE4F70008565D /* AppDelegate.swift */,
				4BF7E965244CE4F70008565D /* SceneDelegate.swift */,
				4BF7E967244CE4F70008565D /* ViewController.swift */,
				4BF7E969244CE4F70008565D /* Main.storyboard */,
				4BF7E96C244CE4F90008565D /* Assets.xcassets */,
				4BF7E96E244CE4F90008565D /* LaunchScreen.storyboard */,
				4BF7E971244CE4F90008565D /* Info.plist */,
			);
			path = iOSCustomAction;
			sourceTree = "<group>";
		};
/* End PBXGroup section */

/* Begin PBXNativeTarget section */
		4BF7E95F244CE4F70008565D /* iOSCustomAction */ = {
			isa = PBXNativeTarget;
			buildConfigurationList = 4BF7E974244CE4F90008565D /* Build configuration list for PBXNativeTarget "iOSCustomAction" */;
			buildPhases = (
				4BF7E95C244CE4F70008565D /* Sources */,
				4BF7E95D244CE4F70008565D /* Frameworks */,
				4BF7E95E244CE4F70008565D /* Resources */,
			);
			buildRules = (
			);
			dependencies = (
			);
			name = iOSCustomAction;
			productName = iOSCustomAction;
			productReference = 4BF7E960244CE4F70008565D /* iOSCustomAction.app */;
			productType = "com.apple.product-type.application";
		};
/* End PBXNativeTarget section */

/* Begin PBXProject section */
		4BF7E958244CE4F70008565D /* Project object */ = {
			isa = PBXProject;
			attributes = {
				LastSwiftUpdateCheck = 1140;
				LastUpgradeCheck = 1140;
				ORGANIZATIONNAME = "Mattia Ducci";
				TargetAttributes = {
					4BF7E95F244CE4F70008565D = {
						CreatedOnToolsVersion = 11.4;
					};
				};
			};
			buildConfigurationList = 4BF7E95B244CE4F70008565D /* Build configuration list for PBXProject "iOSCustomAction" */;
			compatibilityVersion = "Xcode 9.3";
			developmentRegion = en;
			hasScannedForEncodings = 0;
			knownRegions = (
				en,
				Base,
			);
			mainGroup = 4BF7E957244CE4F70008565D;
			productRefGroup = 4BF7E961244CE4F70008565D /* Products */;
			projectDirPath = "";
			projectRoot = "";
			targets = (
				4BF7E95F244CE4F70008565D /* iOSCustomAction */,
			);
		};
/* End PBXProject section */

/* Begin PBXResourcesBuildPhase section */
		4BF7E95E244CE4F70008565D /* Resources */ = {
			isa = PBXResourcesBuildPhase;
			buildActionMask = 2147483647;
			files = (
				4BF7E970244CE4F90008565D /* LaunchScreen.storyboard in Resources */,
				4BF7E96D244CE4F90008565D /* Assets.xcassets in Resources */,
				4BF7E96B244CE4F70008565D /* Main.storyboard in Resources */,
			);
			runOnlyForDeploymentPostprocessing = 0;
		};
/* End PBXResourcesBuildPhase section */

/* Begin PBXSourcesBuildPhase section */
		4BF7E95C244CE4F70008565D /* Sources */ = {
			isa = PBXSourcesBuildPhase;
			buildActionMask = 2147483647;
			files = (
				4BF7E968244CE4F70008565D /* ViewController.swift in Sources */,
				4BF7E964244CE4F70008565D /* AppDelegate.swift in Sources */,
				4BF7E966244CE4F70008565D /* SceneDelegate.swift in Sources */,
			);
			runOnlyForDeploymentPostprocessing = 0;
		};
/* End PBXSourcesBuildPhase section */

/* Begin PBXVariantGroup section */
		4BF7E969244CE4F70008565D /* Main.storyboard */ = {
			isa = PBXVariantGroup;
			children = (
				4BF7E96A244CE4F70008565D /* Base */,
			);
			name = Main.storyboard;
			sourceTree = "<group>";
		};
		4BF7E96E244CE4F90008565D /* LaunchScreen.storyboard */ = {
			isa = PBXVariantGroup;
			children = (
				4BF7E96F244CE4F90008565D /* Base */,
			);
			name = LaunchScreen.storyboard;
			sourceTree = "<group>";
		};
/* End PBXVariantGroup section */

/* Begin XCBuildConfiguration section */
		4BF7E972244CE4F90008565D /* Debug */ = {
			isa = XCBuildConfiguration;
			buildSettings = {
				ALWAYS_SEARCH_USER_PATHS = NO;
				CLANG_ANALYZER_NONNULL = YES;
				CLANG_ANALYZER_NUMBER_OBJECT_CONVERSION = YES_AGGRESSIVE;
				CLANG_CXX_LANGUAGE_STANDARD = "gnu++14";
				CLANG_CXX_LIBRARY = "libc++";
				CLANG_ENABLE_MODULES = YES;
				CLANG_ENABLE_OBJC_ARC = YES;
				CLANG_ENABLE_OBJC_WEAK = YES;
				CLANG_WARN_BLOCK_CAPTURE_AUTORELEASING = YES;
				CLANG_WARN_BOOL_CONVERSION = YES;
				CLANG_WARN_COMMA = YES;
				CLANG_WARN_CONSTANT_CONVERSION = YES;
				CLANG_WARN_DEPRECATED_OBJC_IMPLEMENTATIONS = YES;
				CLANG_WARN_DIRECT_OBJC_ISA_USAGE = YES_ERROR;
				CLANG_WARN_DOCUMENTATION_COMMENTS = YES;
				CLANG_WARN_EMPTY_BODY = YES;
				CLANG_WARN_ENUM_CONVERSION = YES;
				CLANG_WARN_INFINITE_RECURSION = YES;
				CLANG_WARN_INT_CONVERSION = YES;
				CLANG_WARN_NON_LITERAL_NULL_CONVERSION = YES;
				CLANG_WARN_OBJC_IMPLICIT_RETAIN_SELF = YES;
				CLANG_WARN_OBJC_LITERAL_CONVERSION = YES;
				CLANG_WARN_OBJC_ROOT_CLASS = YES_ERROR;
				CLANG_WARN_RANGE_LOOP_ANALYSIS = YES;
				CLANG_WARN_STRICT_PROTOTYPES = YES;
				CLANG_WARN_SUSPICIOUS_MOVE = YES;
				CLANG_WARN_UNGUARDED_AVAILABILITY = YES_AGGRESSIVE;
				CLANG_WARN_UNREACHABLE_CODE = YES;
				CLANG_WARN__DUPLICATE_METHOD_MATCH = YES;
				COPY_PHASE_STRIP = NO;
				DEBUG_INFORMATION_FORMAT = dwarf;
				ENABLE_STRICT_OBJC_MSGSEND = YES;
				ENABLE_TESTABILITY = YES;
				GCC_C_LANGUAGE_STANDARD = gnu11;
				GCC_DYNAMIC_NO_PIC = NO;
				GCC_NO_COMMON_BLOCKS = YES;
				GCC_OPTIMIZATION_LEVEL = 0;
				GCC_PREPROCESSOR_DEFINITIONS = (
					"DEBUG=1",
					"$(inherited)",
				);
				GCC_WARN_64_TO_32_BIT_CONVERSION = YES;
				GCC_WARN_ABOUT_RETURN_TYPE = YES_ERROR;
				GCC_WARN_UNDECLARED_SELECTOR = YES;
				GCC_WARN_UNINITIALIZED_AUTOS = YES_AGGRESSIVE;
				GCC_WARN_UNUSED_FUNCTION = YES;
				GCC_WARN_UNUSED_VARIABLE = YES;
				IPHONEOS_DEPLOYMENT_TARGET = 13.4;
				MTL_ENABLE_DEBUG_INFO = INCLUDE_SOURCE;
				MTL_FAST_MATH = YES;
				ONLY_ACTIVE_ARCH = YES;
				SDKROOT = iphoneos;
				SWIFT_ACTIVE_COMPILATION_CONDITIONS = DEBUG;
				SWIFT_OPTIMIZATION_LEVEL = "-Onone";
			};
			name = Debug;
		};
		4BF7E973244CE4F90008565D /* Release */ = {
			isa = XCBuildConfiguration;
			buildSettings = {
				ALWAYS_SEARCH_USER_PATHS = NO;
				CLANG_ANALYZER_NONNULL = YES;
				CLANG_ANALYZER_NUMBER_OBJECT_CONVERSION = YES_AGGRESSIVE;
				CLANG_CXX_LANGUAGE_STANDARD = "gnu++14";
				CLANG_CXX_LIBRARY = "libc++";
				CLANG_ENABLE_MODULES = YES;
				CLANG_ENABLE_OBJC_ARC = YES;
				CLANG_ENABLE_OBJC_WEAK = YES;
				CLANG_WARN_BLOCK_CAPTURE_AUTORELEASING = YES;
				CLANG_WARN_BOOL_CONVERSION = YES;
				CLANG_WARN_COMMA = YES;
				CLANG_WARN_CONSTANT_CONVERSION = YES;
				CLANG_WARN_DEPRECATED_OBJC_IMPLEMENTATIONS = YES;
				CLANG_WARN_DIRECT_OBJC_ISA_USAGE = YES_ERROR;
				CLANG_WARN_DOCUMENTATION_COMMENTS = YES;
				CLANG_WARN_EMPTY_BODY = YES;
				CLANG_WARN_ENUM_CONVERSION = YES;
				CLANG_WARN_INFINITE_RECURSION = YES;
				CLANG_WARN_INT_CONVERSION = YES;
				CLANG_WARN_NON_LITERAL_NULL_CONVERSION = YES;
				CLANG_WARN_OBJC_IMPLICIT_RETAIN_SELF = YES;
				CLANG_WARN_OBJC_LITERAL_CONVERSION = YES;
				CLANG_WARN_OBJC_ROOT_CLASS = YES_ERROR;
				CLANG_WARN_RANGE_LOOP_ANALYSIS = YES;
				CLANG_WARN_STRICT_PROTOTYPES = YES;
				CLANG_WARN_SUSPICIOUS_MOVE = YES;
				CLANG_WARN_UNGUARDED_AVAILABILITY = YES_AGGRESSIVE;
				CLANG_WARN_UNREACHABLE_CODE = YES;
				CLANG_WARN__DUPLICATE_METHOD_MATCH = YES;
				COPY_PHASE_STRIP = NO;
				DEBUG_INFORMATION_FORMAT = "dwarf-with-dsym";
				ENABLE_NS_ASSERTIONS = NO;
				ENABLE_STRICT_OBJC_MSGSEND = YES;
				GCC_C_LANGUAGE_STANDARD = gnu11;
				GCC_NO_COMMON_BLOCKS = YES;
				GCC_WARN_64_TO_32_BIT_CONVERSION = YES;
				GCC_WARN_ABOUT_RETURN_TYPE = YES_ERROR;
				GCC_WARN_UNDECLARED_SELECTOR = YES;
				GCC_WARN_UNINITIALIZED_AUTOS = YES_AGGRESSIVE;
				GCC_WARN_UNUSED_FUNCTION = YES;
				GCC_WARN_UNUSED_VARIABLE = YES;
				IPHONEOS_DEPLOYMENT_TARGET = 13.4;
				MTL_ENABLE_DEBUG_INFO = NO;
				MTL_FAST_MATH = YES;
				SDKROOT = iphoneos;
				SWIFT_COMPILATION_MODE = wholemodule;
				SWIFT_OPTIMIZATION_LEVEL = "-O";
				VALIDATE_PRODUCT = YES;
			};
			name = Release;
		};
		4BF7E975244CE4F90008565D /* Debug */ = {
			isa = XCBuildConfiguration;
			buildSettings = {
				ASSETCATALOG_COMPILER_APPICON_NAME = AppIcon;
				CODE_SIGN_STYLE = Automatic;
				DEVELOPMENT_TEAM = SSDAG7GZA8;
				INFOPLIST_FILE = iOSCustomAction/Info.plist;
				IPHONEOS_DEPLOYMENT_TARGET = 13.0;
				LD_RUNPATH_SEARCH_PATHS = (
					"$(inherited)",
					"@executable_path/Frameworks",
				);
				PRODUCT_BUNDLE_IDENTIFIER = com.example.XAMARINAccessibleView;
				PRODUCT_NAME = "$(TARGET_NAME)";
				SWIFT_VERSION = 5.0;
				TARGETED_DEVICE_FAMILY = "1,2";
			};
			name = Debug;
		};
		4BF7E976244CE4F90008565D /* Release */ = {
			isa = XCBuildConfiguration;
			buildSettings = {
				ASSETCATALOG_COMPILER_APPICON_NAME = AppIcon;
				CODE_SIGN_STYLE = Automatic;
				DEVELOPMENT_TEAM = SSDAG7GZA8;
				INFOPLIST_FILE = iOSCustomAction/Info.plist;
				IPHONEOS_DEPLOYMENT_TARGET = 13.0;
				LD_RUNPATH_SEARCH_PATHS = (
					"$(inherited)",
					"@executable_path/Frameworks",
				);
				PRODUCT_BUNDLE_IDENTIFIER = com.example.XAMARINAccessibleView;
				PRODUCT_NAME = "$(TARGET_NAME)";
				SWIFT_VERSION = 5.0;
				TARGETED_DEVICE_FAMILY = "1,2";
			};
			name = Release;
		};
/* End XCBuildConfiguration section */

/* Begin XCConfigurationList section */
		4BF7E95B244CE4F70008565D /* Build configuration list for PBXProject "iOSCustomAction" */ = {
			isa = XCConfigurationList;
			buildConfigurations = (
				4BF7E972244CE4F90008565D /* Debug */,
				4BF7E973244CE4F90008565D /* Release */,
			);
			defaultConfigurationIsVisible = 0;
			defaultConfigurationName = Release;
		};
		4BF7E974244CE4F90008565D /* Build configuration list for PBXNativeTarget "iOSCustomAction" */ = {
			isa = XCConfigurationList;
			buildConfigurations = (
				4BF7E975244CE4F90008565D /* Debug */,
				4BF7E976244CE4F90008565D /* Release */,
			);
			defaultConfigurationIsVisible = 0;
			defaultConfigurationName = Release;
		};
/* End XCConfigurationList section */
	};
	rootObject = 4BF7E958244CE4F70008565D /* Project object */;
}
