
Microsoft Visual Studio Solution File, Format Version 12.00
# Visual Studio 15
Project("{FAE04EC0-301F-11D3-BF4B-00C04F79EFBC}") = "XAMARINDescribedByView.Android", "XAMARINDescribedByView.Android\XAMARINDescribedByView.Android.csproj", "{19BEA79B-B682-4213-90DE-8ACD91C8C688}"
EndProject
Project("{FAE04EC0-301F-11D3-BF4B-00C04F79EFBC}") = "XAMARINDescribedByView.iOS", "XAMARINDescribedByView.iOS\XAMARINDescribedByView.iOS.csproj", "{52A8E1CA-DD91-44BC-AA60-4144B25CD7A8}"
EndProject
Project("{FAE04EC0-301F-11D3-BF4B-00C04F79EFBC}") = "XAMARINDescribedByView", "XAMARINDescribedByView\XAMARINDescribedByView.csproj", "{5DD05F66-AFBD-4E04-AF8D-83D235E6615E}"
EndProject
Global
	GlobalSection(SolutionConfigurationPlatforms) = preSolution
		Debug|Any CPU = Debug|Any CPU
		Release|Any CPU = Release|Any CPU
		Debug|iPhoneSimulator = Debug|iPhoneSimulator
		Release|iPhoneSimulator = Release|iPhoneSimulator
		Debug|iPhone = Debug|iPhone
		Release|iPhone = Release|iPhone
	EndGlobalSection
	GlobalSection(ProjectConfigurationPlatforms) = postSolution
		{19BEA79B-B682-4213-90DE-8ACD91C8C688}.Debug|Any CPU.ActiveCfg = Debug|Any CPU
		{19BEA79B-B682-4213-90DE-8ACD91C8C688}.Debug|Any CPU.Build.0 = Debug|Any CPU
		{19BEA79B-B682-4213-90DE-8ACD91C8C688}.Release|Any CPU.ActiveCfg = Release|Any CPU
		{19BEA79B-B682-4213-90DE-8ACD91C8C688}.Release|Any CPU.Build.0 = Release|Any CPU
		{19BEA79B-B682-4213-90DE-8ACD91C8C688}.Debug|iPhoneSimulator.ActiveCfg = Debug|Any CPU
		{19BEA79B-B682-4213-90DE-8ACD91C8C688}.Debug|iPhoneSimulator.Build.0 = Debug|Any CPU
		{19BEA79B-B682-4213-90DE-8ACD91C8C688}.Release|iPhoneSimulator.ActiveCfg = Release|Any CPU
		{19BEA79B-B682-4213-90DE-8ACD91C8C688}.Release|iPhoneSimulator.Build.0 = Release|Any CPU
		{19BEA79B-B682-4213-90DE-8ACD91C8C688}.Debug|iPhone.ActiveCfg = Debug|Any CPU
		{19BEA79B-B682-4213-90DE-8ACD91C8C688}.Debug|iPhone.Build.0 = Debug|Any CPU
		{19BEA79B-B682-4213-90DE-8ACD91C8C688}.Release|iPhone.ActiveCfg = Release|Any CPU
		{19BEA79B-B682-4213-90DE-8ACD91C8C688}.Release|iPhone.Build.0 = Release|Any CPU
		{52A8E1CA-DD91-44BC-AA60-4144B25CD7A8}.Debug|Any CPU.ActiveCfg = Debug|iPhoneSimulator
		{52A8E1CA-DD91-44BC-AA60-4144B25CD7A8}.Debug|Any CPU.Build.0 = Debug|iPhoneSimulator
		{52A8E1CA-DD91-44BC-AA60-4144B25CD7A8}.Release|Any CPU.ActiveCfg = Release|iPhoneSimulator
		{52A8E1CA-DD91-44BC-AA60-4144B25CD7A8}.Release|Any CPU.Build.0 = Release|iPhoneSimulator
		{52A8E1CA-DD91-44BC-AA60-4144B25CD7A8}.Debug|iPhoneSimulator.ActiveCfg = Debug|iPhoneSimulator
		{52A8E1CA-DD91-44BC-AA60-4144B25CD7A8}.Debug|iPhoneSimulator.Build.0 = Debug|iPhoneSimulator
		{52A8E1CA-DD91-44BC-AA60-4144B25CD7A8}.Release|iPhoneSimulator.ActiveCfg = Release|iPhoneSimulator
		{52A8E1CA-DD91-44BC-AA60-4144B25CD7A8}.Release|iPhoneSimulator.Build.0 = Release|iPhoneSimulator
		{52A8E1CA-DD91-44BC-AA60-4144B25CD7A8}.Debug|iPhone.ActiveCfg = Debug|iPhone
		{52A8E1CA-DD91-44BC-AA60-4144B25CD7A8}.Debug|iPhone.Build.0 = Debug|iPhone
		{52A8E1CA-DD91-44BC-AA60-4144B25CD7A8}.Release|iPhone.ActiveCfg = Release|iPhone
		{52A8E1CA-DD91-44BC-AA60-4144B25CD7A8}.Release|iPhone.Build.0 = Release|iPhone
		{5DD05F66-AFBD-4E04-AF8D-83D235E6615E}.Debug|Any CPU.ActiveCfg = Debug|Any CPU
		{5DD05F66-AFBD-4E04-AF8D-83D235E6615E}.Debug|Any CPU.Build.0 = Debug|Any CPU
		{5DD05F66-AFBD-4E04-AF8D-83D235E6615E}.Release|Any CPU.ActiveCfg = Release|Any CPU
		{5DD05F66-AFBD-4E04-AF8D-83D235E6615E}.Release|Any CPU.Build.0 = Release|Any CPU
		{5DD05F66-AFBD-4E04-AF8D-83D235E6615E}.Debug|iPhoneSimulator.ActiveCfg = Debug|Any CPU
		{5DD05F66-AFBD-4E04-AF8D-83D235E6615E}.Debug|iPhoneSimulator.Build.0 = Debug|Any CPU
		{5DD05F66-AFBD-4E04-AF8D-83D235E6615E}.Release|iPhoneSimulator.ActiveCfg = Release|Any CPU
		{5DD05F66-AFBD-4E04-AF8D-83D235E6615E}.Release|iPhoneSimulator.Build.0 = Release|Any CPU
		{5DD05F66-AFBD-4E04-AF8D-83D235E6615E}.Debug|iPhone.ActiveCfg = Debug|Any CPU
		{5DD05F66-AFBD-4E04-AF8D-83D235E6615E}.Debug|iPhone.Build.0 = Debug|Any CPU
		{5DD05F66-AFBD-4E04-AF8D-83D235E6615E}.Release|iPhone.ActiveCfg = Release|Any CPU
		{5DD05F66-AFBD-4E04-AF8D-83D235E6615E}.Release|iPhone.Build.0 = Release|Any CPU
	EndGlobalSection
EndGlobal
